// !$*UTF8*$!
{
	archiveVersion = 1;
	classes = {
	};
	objectVersion = 46;
	objects = {

/* Begin PBXBuildFile section */
		54AEA08A1A7F3F8100ED6FDC /* AppDelegate.swift in Sources */ = {isa = PBXBuildFile; fileRef = 54AEA0891A7F3F8100ED6FDC /* AppDelegate.swift */; };
		54AEA08C1A7F3F8100ED6FDC /* ViewController.swift in Sources */ = {isa = PBXBuildFile; fileRef = 54AEA08B1A7F3F8100ED6FDC /* ViewController.swift */; };
		54AEA08F1A7F3F8100ED6FDC /* Main.storyboard in Resources */ = {isa = PBXBuildFile; fileRef = 54AEA08D1A7F3F8100ED6FDC /* Main.storyboard */; };
		54AEA0911A7F3F8100ED6FDC /* Images.xcassets in Resources */ = {isa = PBXBuildFile; fileRef = 54AEA0901A7F3F8100ED6FDC /* Images.xcassets */; };
		54AEA0941A7F3F8100ED6FDC /* LaunchScreen.xib in Resources */ = {isa = PBXBuildFile; fileRef = 54AEA0921A7F3F8100ED6FDC /* LaunchScreen.xib */; };
		54AEA0A01A7F3F8200ED6FDC /* tipsTests.swift in Sources */ = {isa = PBXBuildFile; fileRef = 54AEA09F1A7F3F8200ED6FDC /* tipsTests.swift */; };
		54AEA0AC1A7F5A1000ED6FDC /* happy.jpg in Resources */ = {isa = PBXBuildFile; fileRef = 54AEA0A91A7F5A1000ED6FDC /* happy.jpg */; };
		54AEA0AD1A7F5A1000ED6FDC /* joy.jpeg in Resources */ = {isa = PBXBuildFile; fileRef = 54AEA0AA1A7F5A1000ED6FDC /* joy.jpeg */; };
		54AEA0AE1A7F5A1000ED6FDC /* really.png in Resources */ = {isa = PBXBuildFile; fileRef = 54AEA0AB1A7F5A1000ED6FDC /* really.png */; };
/* End PBXBuildFile section */

/* Begin PBXContainerItemProxy section */
		54AEA09A1A7F3F8200ED6FDC /* PBXContainerItemProxy */ = {
			isa = PBXContainerItemProxy;
			containerPortal = 54AEA07C1A7F3F8100ED6FDC /* Project object */;
			proxyType = 1;
			remoteGlobalIDString = 54AEA0831A7F3F8100ED6FDC;
			remoteInfo = tips;
		};
/* End PBXContainerItemProxy section */

/* Begin PBXFileReference section */
		54AEA0841A7F3F8100ED6FDC /* tips.app */ = {isa = PBXFileReference; explicitFileType = wrapper.application; includeInIndex = 0; path = tips.app; sourceTree = BUILT_PRODUCTS_DIR; };
		54AEA0881A7F3F8100ED6FDC /* Info.plist */ = {isa = PBXFileReference; lastKnownFileType = text.plist.xml; path = Info.plist; sourceTree = "<group>"; };
		54AEA0891A7F3F8100ED6FDC /* AppDelegate.swift */ = {isa = PBXFileReference; lastKnownFileType = sourcecode.swift; path = AppDelegate.swift; sourceTree = "<group>"; };
		54AEA08B1A7F3F8100ED6FDC /* ViewController.swift */ = {isa = PBXFileReference; lastKnownFileType = sourcecode.swift; path = ViewController.swift; sourceTree = "<group>"; };
		54AEA08E1A7F3F8100ED6FDC /* Base */ = {isa = PBXFileReference; lastKnownFileType = file.storyboard; name = Base; path = Base.lproj/Main.storyboard; sourceTree = "<group>"; };
		54AEA0901A7F3F8100ED6FDC /* Images.xcassets */ = {isa = PBXFileReference; lastKnownFileType = folder.assetcatalog; path = Images.xcassets; sourceTree = "<group>"; };
		54AEA0931A7F3F8100ED6FDC /* Base */ = {isa = PBXFileReference; lastKnownFileType = file.xib; name = Base; path = Base.lproj/LaunchScreen.xib; sourceTree = "<group>"; };
		54AEA0991A7F3F8200ED6FDC /* tipsTests.xctest */ = {isa = PBXFileReference; explicitFileType = wrapper.cfbundle; includeInIndex = 0; path = tipsTests.xctest; sourceTree = BUILT_PRODUCTS_DIR; };
		54AEA09E1A7F3F8200ED6FDC /* Info.plist */ = {isa = PBXFileReference; lastKnownFileType = text.plist.xml; path = Info.plist; sourceTree = "<group>"; };
		54AEA09F1A7F3F8200ED6FDC /* tipsTests.swift */ = {isa = PBXFileReference; lastKnownFileType = sourcecode.swift; path = tipsTests.swift; sourceTree = "<group>"; };
		54AEA0A91A7F5A1000ED6FDC /* happy.jpg */ = {isa = PBXFileReference; lastKnownFileType = image.jpeg; path = happy.jpg; sourceTree = "<group>"; };
		54AEA0AA1A7F5A1000ED6FDC /* joy.jpeg */ = {isa = PBXFileReference; lastKnownFileType = image.jpeg; path = joy.jpeg; sourceTree = "<group>"; };
		54AEA0AB1A7F5A1000ED6FDC /* really.png */ = {isa = PBXFileReference; lastKnownFileType = image.png; path = really.png; sourceTree = "<group>"; };
/* End PBXFileReference section */

/* Begin PBXFrameworksBuildPhase section */
		54AEA0811A7F3F8100ED6FDC /* Frameworks */ = {
			isa = PBXFrameworksBuildPhase;
			buildActionMask = 2147483647;
			files = (
			);
			runOnlyForDeploymentPostprocessing = 0;
		};
		54AEA0961A7F3F8200ED6FDC /* Frameworks */ = {
			isa = PBXFrameworksBuildPhase;
			buildActionMask = 2147483647;
			files = (
			);
			runOnlyForDeploymentPostprocessing = 0;
		};
/* End PBXFrameworksBuildPhase section */

/* Begin PBXGroup section */
		54AEA07B1A7F3F8100ED6FDC = {
			isa = PBXGroup;
			children = (
				54AEA0861A7F3F8100ED6FDC /* tips */,
				54AEA09C1A7F3F8200ED6FDC /* tipsTests */,
				54AEA0851A7F3F8100ED6FDC /* Products */,
			);
			sourceTree = "<group>";
		};
		54AEA0851A7F3F8100ED6FDC /* Products */ = {
			isa = PBXGroup;
			children = (
				54AEA0841A7F3F8100ED6FDC /* tips.app */,
				54AEA0991A7F3F8200ED6FDC /* tipsTests.xctest */,
			);
			name = Products;
			sourceTree = "<group>";
		};
		54AEA0861A7F3F8100ED6FDC /* tips */ = {
			isa = PBXGroup;
			children = (
				54AEA0891A7F3F8100ED6FDC /* AppDelegate.swift */,
				54AEA08B1A7F3F8100ED6FDC /* ViewController.swift */,
				54AEA08D1A7F3F8100ED6FDC /* Main.storyboard */,
				54AEA0901A7F3F8100ED6FDC /* Images.xcassets */,
				54AEA0921A7F3F8100ED6FDC /* LaunchScreen.xib */,
				54AEA0871A7F3F8100ED6FDC /* Supporting Files */,
			);
			path = tips;
			sourceTree = "<group>";
		};
		54AEA0871A7F3F8100ED6FDC /* Supporting Files */ = {
			isa = PBXGroup;
			children = (
				54AEA0A91A7F5A1000ED6FDC /* happy.jpg */,
				54AEA0AA1A7F5A1000ED6FDC /* joy.jpeg */,
				54AEA0AB1A7F5A1000ED6FDC /* really.png */,
				54AEA0881A7F3F8100ED6FDC /* Info.plist */,
			);
			name = "Supporting Files";
			sourceTree = "<group>";
		};
		54AEA09C1A7F3F8200ED6FDC /* tipsTests */ = {
			isa = PBXGroup;
			children = (
				54AEA09F1A7F3F8200ED6FDC /* tipsTests.swift */,
				54AEA09D1A7F3F8200ED6FDC /* Supporting Files */,
			);
			path = tipsTests;
			sourceTree = "<group>";
		};
		54AEA09D1A7F3F8200ED6FDC /* Supporting Files */ = {
			isa = PBXGroup;
			children = (
				54AEA09E1A7F3F8200ED6FDC /* Info.plist */,
			);
			name = "Supporting Files";
			sourceTree = "<group>";
		};
/* End PBXGroup section */

/* Begin PBXNativeTarget section */
		54AEA0831A7F3F8100ED6FDC /* tips */ = {
			isa = PBXNativeTarget;
			buildConfigurationList = 54AEA0A31A7F3F8200ED6FDC /* Build configuration list for PBXNativeTarget "tips" */;
			buildPhases = (
				54AEA0801A7F3F8100ED6FDC /* Sources */,
				54AEA0811A7F3F8100ED6FDC /* Frameworks */,
				54AEA0821A7F3F8100ED6FDC /* Resources */,
			);
			buildRules = (
			);
			dependencies = (
			);
			name = tips;
			productName = tips;
			productReference = 54AEA0841A7F3F8100ED6FDC /* tips.app */;
			productType = "com.apple.product-type.application";
		};
		54AEA0981A7F3F8200ED6FDC /* tipsTests */ = {
			isa = PBXNativeTarget;
			buildConfigurationList = 54AEA0A61A7F3F8200ED6FDC /* Build configuration list for PBXNativeTarget "tipsTests" */;
			buildPhases = (
				54AEA0951A7F3F8200ED6FDC /* Sources */,
				54AEA0961A7F3F8200ED6FDC /* Frameworks */,
				54AEA0971A7F3F8200ED6FDC /* Resources */,
			);
			buildRules = (
			);
			dependencies = (
				54AEA09B1A7F3F8200ED6FDC /* PBXTargetDependency */,
			);
			name = tipsTests;
			productName = tipsTests;
			productReference = 54AEA0991A7F3F8200ED6FDC /* tipsTests.xctest */;
			productType = "com.apple.product-type.bundle.unit-test";
		};
/* End PBXNativeTarget section */

/* Begin PBXProject section */
		54AEA07C1A7F3F8100ED6FDC /* Project object */ = {
			isa = PBXProject;
			attributes = {
				LastUpgradeCheck = 0610;
				ORGANIZATIONNAME = wendru;
				TargetAttributes = {
					54AEA0831A7F3F8100ED6FDC = {
						CreatedOnToolsVersion = 6.1.1;
					};
					54AEA0981A7F3F8200ED6FDC = {
						CreatedOnToolsVersion = 6.1.1;
						TestTargetID = 54AEA0831A7F3F8100ED6FDC;
					};
				};
			};
			buildConfigurationList = 54AEA07F1A7F3F8100ED6FDC /* Build configuration list for PBXProject "tips" */;
			compatibilityVersion = "Xcode 3.2";
			developmentRegion = English;
			hasScannedForEncodings = 0;
			knownRegions = (
				en,
				Base,
			);
			mainGroup = 54AEA07B1A7F3F8100ED6FDC;
			productRefGroup = 54AEA0851A7F3F8100ED6FDC /* Products */;
			projectDirPath = "";
			projectRoot = "";
			targets = (
				54AEA0831A7F3F8100ED6FDC /* tips */,
				54AEA0981A7F3F8200ED6FDC /* tipsTests */,
			);
		};
/* End PBXProject section */

/* Begin PBXResourcesBuildPhase section */
		54AEA0821A7F3F8100ED6FDC /* Resources */ = {
			isa = PBXResourcesBuildPhase;
			buildActionMask = 2147483647;
			files = (
				54AEA0AC1A7F5A1000ED6FDC /* happy.jpg in Resources */,
				54AEA08F1A7F3F8100ED6FDC /* Main.storyboard in Resources */,
				54AEA0941A7F3F8100ED6FDC /* LaunchScreen.xib in Resources */,
				54AEA0AE1A7F5A1000ED6FDC /* really.png in Resources */,
				54AEA0911A7F3F8100ED6FDC /* Images.xcassets in Resources */,
				54AEA0AD1A7F5A1000ED6FDC /* joy.jpeg in Resources */,
			);
			runOnlyForDeploymentPostprocessing = 0;
		};
		54AEA0971A7F3F8200ED6FDC /* Resources */ = {
			isa = PBXResourcesBuildPhase;
			buildActionMask = 2147483647;
			files = (
			);
			runOnlyForDeploymentPostprocessing = 0;
		};
/* End PBXResourcesBuildPhase section */

/* Begin PBXSourcesBuildPhase section */
		54AEA0801A7F3F8100ED6FDC /* Sources */ = {
			isa = PBXSourcesBuildPhase;
			buildActionMask = 2147483647;
			files = (
				54AEA08C1A7F3F8100ED6FDC /* ViewController.swift in Sources */,
				54AEA08A1A7F3F8100ED6FDC /* AppDelegate.swift in Sources */,
			);
			runOnlyForDeploymentPostprocessing = 0;
		};
		54AEA0951A7F3F8200ED6FDC /* Sources */ = {
			isa = PBXSourcesBuildPhase;
			buildActionMask = 2147483647;
			files = (
				54AEA0A01A7F3F8200ED6FDC /* tipsTests.swift in Sources */,
			);
			runOnlyForDeploymentPostprocessing = 0;
		};
/* End PBXSourcesBuildPhase section */

/* Begin PBXTargetDependency section */
		54AEA09B1A7F3F8200ED6FDC /* PBXTargetDependency */ = {
			isa = PBXTargetDependency;
			target = 54AEA0831A7F3F8100ED6FDC /* tips */;
			targetProxy = 54AEA09A1A7F3F8200ED6FDC /* PBXContainerItemProxy */;
		};
/* End PBXTargetDependency section */

/* Begin PBXVariantGroup section */
		54AEA08D1A7F3F8100ED6FDC /* Main.storyboard */ = {
			isa = PBXVariantGroup;
			children = (
				54AEA08E1A7F3F8100ED6FDC /* Base */,
			);
			name = Main.storyboard;
			sourceTree = "<group>";
		};
		54AEA0921A7F3F8100ED6FDC /* LaunchScreen.xib */ = {
			isa = PBXVariantGroup;
			children = (
				54AEA0931A7F3F8100ED6FDC /* Base */,
			);
			name = LaunchScreen.xib;
			sourceTree = "<group>";
		};
/* End PBXVariantGroup section */

/* Begin XCBuildConfiguration section */
		54AEA0A11A7F3F8200ED6FDC /* Debug */ = {
			isa = XCBuildConfiguration;
			buildSettings = {
				ALWAYS_SEARCH_USER_PATHS = NO;
				CLANG_CXX_LANGUAGE_STANDARD = "gnu++0x";
				CLANG_CXX_LIBRARY = "libc++";
				CLANG_ENABLE_MODULES = YES;
				CLANG_ENABLE_OBJC_ARC = YES;
				CLANG_WARN_BOOL_CONVERSION = YES;
				CLANG_WARN_CONSTANT_CONVERSION = YES;
				CLANG_WARN_DIRECT_OBJC_ISA_USAGE = YES_ERROR;
				CLANG_WARN_EMPTY_BODY = YES;
				CLANG_WARN_ENUM_CONVERSION = YES;
				CLANG_WARN_INT_CONVERSION = YES;
				CLANG_WARN_OBJC_ROOT_CLASS = YES_ERROR;
				CLANG_WARN_UNREACHABLE_CODE = YES;
				CLANG_WARN__DUPLICATE_METHOD_MATCH = YES;
				"CODE_SIGN_IDENTITY[sdk=iphoneos*]" = "iPhone Developer";
				COPY_PHASE_STRIP = NO;
				ENABLE_STRICT_OBJC_MSGSEND = YES;
				GCC_C_LANGUAGE_STANDARD = gnu99;
				GCC_DYNAMIC_NO_PIC = NO;
				GCC_OPTIMIZATION_LEVEL = 0;
				GCC_PREPROCESSOR_DEFINITIONS = (
					"DEBUG=1",
					"$(inherited)",
				);
				GCC_SYMBOLS_PRIVATE_EXTERN = NO;
				GCC_WARN_64_TO_32_BIT_CONVERSION = YES;
				GCC_WARN_ABOUT_RETURN_TYPE = YES_ERROR;
				GCC_WARN_UNDECLARED_SELECTOR = YES;
				GCC_WARN_UNINITIALIZED_AUTOS = YES_AGGRESSIVE;
				GCC_WARN_UNUSED_FUNCTION = YES;
				GCC_WARN_UNUSED_VARIABLE = YES;
				IPHONEOS_DEPLOYMENT_TARGET = 8.1;
				MTL_ENABLE_DEBUG_INFO = YES;
				ONLY_ACTIVE_ARCH = YES;
				SDKROOT = iphoneos;
				SWIFT_OPTIMIZATION_LEVEL = "-Onone";
			};
			name = Debug;
		};
		54AEA0A21A7F3F8200ED6FDC /* Release */ = {
			isa = XCBuildConfiguration;
			buildSettings = {
				ALWAYS_SEARCH_USER_PATHS = NO;
				CLANG_CXX_LANGUAGE_STANDARD = "gnu++0x";
				CLANG_CXX_LIBRARY = "libc++";
				CLANG_ENABLE_MODULES = YES;
				CLANG_ENABLE_OBJC_ARC = YES;
				CLANG_WARN_BOOL_CONVERSION = YES;
				CLANG_WARN_CONSTANT_CONVERSION = YES;
				CLANG_WARN_DIRECT_OBJC_ISA_USAGE = YES_ERROR;
				CLANG_WARN_EMPTY_BODY = YES;
				CLANG_WARN_ENUM_CONVERSION = YES;
				CLANG_WARN_INT_CONVERSION = YES;
				CLANG_WARN_OBJC_ROOT_CLASS = YES_ERROR;
				CLANG_WARN_UNREACHABLE_CODE = YES;
				CLANG_WARN__DUPLICATE_METHOD_MATCH = YES;
				"CODE_SIGN_IDENTITY[sdk=iphoneos*]" = "iPhone Developer";
				COPY_PHASE_STRIP = YES;
				ENABLE_NS_ASSERTIONS = NO;
				ENABLE_STRICT_OBJC_MSGSEND = YES;
				GCC_C_LANGUAGE_STANDARD = gnu99;
				GCC_WARN_64_TO_32_BIT_CONVERSION = YES;
				GCC_WARN_ABOUT_RETURN_TYPE = YES_ERROR;
				GCC_WARN_UNDECLARED_SELECTOR = YES;
				GCC_WARN_UNINITIALIZED_AUTOS = YES_AGGRESSIVE;
				GCC_WARN_UNUSED_FUNCTION = YES;
				GCC_WARN_UNUSED_VARIABLE = YES;
				IPHONEOS_DEPLOYMENT_TARGET = 8.1;
				MTL_ENABLE_DEBUG_INFO = NO;
				SDKROOT = iphoneos;
				VALIDATE_PRODUCT = YES;
			};
			name = Release;
		};
		54AEA0A41A7F3F8200ED6FDC /* Debug */ = {
			isa = XCBuildConfiguration;
			buildSettings = {
				ASSETCATALOG_COMPILER_APPICON_NAME = AppIcon;
				INFOPLIST_FILE = tips/Info.plist;
				LD_RUNPATH_SEARCH_PATHS = "$(inherited) @executable_path/Frameworks";
				PRODUCT_NAME = "$(TARGET_NAME)";
			};
			name = Debug;
		};
		54AEA0A51A7F3F8200ED6FDC /* Release */ = {
			isa = XCBuildConfiguration;
			buildSettings = {
				ASSETCATALOG_COMPILER_APPICON_NAME = AppIcon;
				INFOPLIST_FILE = tips/Info.plist;
				LD_RUNPATH_SEARCH_PATHS = "$(inherited) @executable_path/Frameworks";
				PRODUCT_NAME = "$(TARGET_NAME)";
			};
			name = Release;
		};
		54AEA0A71A7F3F8200ED6FDC /* Debug */ = {
			isa = XCBuildConfiguration;
			buildSettings = {
				BUNDLE_LOADER = "$(TEST_HOST)";
				FRAMEWORK_SEARCH_PATHS = (
					"$(SDKROOT)/Developer/Library/Frameworks",
					"$(inherited)",
				);
				GCC_PREPROCESSOR_DEFINITIONS = (
					"DEBUG=1",
					"$(inherited)",
				);
				INFOPLIST_FILE = tipsTests/Info.plist;
				LD_RUNPATH_SEARCH_PATHS = "$(inherited) @executable_path/Frameworks @loader_path/Frameworks";
				PRODUCT_NAME = "$(TARGET_NAME)";
				TEST_HOST = "$(BUILT_PRODUCTS_DIR)/tips.app/tips";
			};
			name = Debug;
		};
		54AEA0A81A7F3F8200ED6FDC /* Release */ = {
			isa = XCBuildConfiguration;
			buildSettings = {
				BUNDLE_LOADER = "$(TEST_HOST)";
				FRAMEWORK_SEARCH_PATHS = (
					"$(SDKROOT)/Developer/Library/Frameworks",
					"$(inherited)",
				);
				INFOPLIST_FILE = tipsTests/Info.plist;
				LD_RUNPATH_SEARCH_PATHS = "$(inherited) @executable_path/Frameworks @loader_path/Frameworks";
				PRODUCT_NAME = "$(TARGET_NAME)";
				TEST_HOST = "$(BUILT_PRODUCTS_DIR)/tips.app/tips";
			};
			name = Release;
		};
/* End XCBuildConfiguration section */

/* Begin XCConfigurationList section */
		54AEA07F1A7F3F8100ED6FDC /* Build configuration list for PBXProject "tips" */ = {
			isa = XCConfigurationList;
			buildConfigurations = (
				54AEA0A11A7F3F8200ED6FDC /* Debug */,
				54AEA0A21A7F3F8200ED6FDC /* Release */,
			);
			defaultConfigurationIsVisible = 0;
			defaultConfigurationName = Release;
		};
		54AEA0A31A7F3F8200ED6FDC /* Build configuration list for PBXNativeTarget "tips" */ = {
			isa = XCConfigurationList;
			buildConfigurations = (
				54AEA0A41A7F3F8200ED6FDC /* Debug */,
				54AEA0A51A7F3F8200ED6FDC /* Release */,
			);
			defaultConfigurationIsVisible = 0;
		};
		54AEA0A61A7F3F8200ED6FDC /* Build configuration list for PBXNativeTarget "tipsTests" */ = {
			isa = XCConfigurationList;
			buildConfigurations = (
				54AEA0A71A7F3F8200ED6FDC /* Debug */,
				54AEA0A81A7F3F8200ED6FDC /* Release */,
			);
			defaultConfigurationIsVisible = 0;
		};
/* End XCConfigurationList section */
	};
	rootObject = 54AEA07C1A7F3F8100ED6FDC /* Project object */;
}
